
Microsoft Visual Studio Solution File, Format Version 12.00
# Visual Studio Version 16
VisualStudioVersion = 16.0.29709.97
MinimumVisualStudioVersion = 10.0.40219.1
Project("{FAE04EC0-301F-11D3-BF4B-00C04F79EFBC}") = "BlazorForTelerikUi", "BlazorForTelerikUi\BlazorForTelerikUi.csproj", "{E69F1F8C-3F7D-4C48-8174-7F38F2D51A0C}"
EndProject
Global
	GlobalSection(SolutionConfigurationPlatforms) = preSolution
		Debug|Any CPU = Debug|Any CPU
		Release|Any CPU = Release|Any CPU
	EndGlobalSection
	GlobalSection(ProjectConfigurationPlatforms) = postSolution
		{E69F1F8C-3F7D-4C48-8174-7F38F2D51A0C}.Debug|Any CPU.ActiveCfg = Debug|Any CPU
		{E69F1F8C-3F7D-4C48-8174-7F38F2D51A0C}.Debug|Any CPU.Build.0 = Debug|Any CPU
		{E69F1F8C-3F7D-4C48-8174-7F38F2D51A0C}.Release|Any CPU.ActiveCfg = Release|Any CPU
		{E69F1F8C-3F7D-4C48-8174-7F38F2D51A0C}.Release|Any CPU.Build.0 = Release|Any CPU
	EndGlobalSection
	GlobalSection(SolutionProperties) = preSolution
		HideSolutionNode = FALSE
	EndGlobalSection
	GlobalSection(ExtensibilityGlobals) = postSolution
		SolutionGuid = {83CB2CFA-5199-4D77-8FAA-C228B64A7549}
	EndGlobalSection
EndGlobal
